{
  "version": "5",
  "specifiers": {
    "npm:@supabase/supabase-js@2.117.2": "2.117.2",
    "npm:@supabase/supabase-js@2.49.8": "2.49.8"
  },
  "npm": {
    "@supabase/auth-js@2.117.2": {
      "integrity": "sha512-Z3WnGwrphYZubrLbxp5Iv0tLA9A5GhvKzJ/ZXglxqwd2QEH2R4dXRltjVJ8sIn4xEW2BSFIGT0yALVJIgZeDYw==",
      "dependencies": [
        "tslib"
      ]
    },
    "@supabase/auth-js@2.69.1": {
      "integrity": "sha512-FILtt5WjCNzmReeRLq5wRs3iShwmnWgBvxHfqapC/VoljJl+W8hDAyFmf1NVw3zH+ZjZ05AKxiKxVeb0HNWRMQ==",
      "dependencies": [
        "@supabase/node-fetch"
      ]
    },
    "@supabase/functions-js@2.117.2": {
      "integrity": "sha512-6DT4ZIjmZxa9ANKaBIrjc86AyKrX8M376ynvNeOBBVad3eP7x3UHqWfDR2ynFkHGzCuOpr1A+kObmnahxuwuog==",
      "dependencies": [
        "tslib"
      ]
    },
    "@supabase/functions-js@2.4.4": {
      "integrity": "sha512-WL2p6r4AXNGwop7iwvul2BvOtuJ1YQy8EbOd0dhG1oN1q8el/BIRSFCFnWAMM/vJJlHWLi4ad22sKbKr9mvjoA==",
      "dependencies": [
        "@supabase/node-fetch"
      ]
    },
    "@supabase/node-fetch@2.6.15": {
      "integrity": "sha512-1ibVeYUacxWYi9i0cf5efil6adJ9WRyZBLivgjs+AUpewx1F3xPi7gLgaASI2SmIQxPoCEjAsLAzKPgMJVgOUQ==",
      "dependencies": [
        "whatwg-url"
      ]
    },
    "@supabase/phoenix@0.4.5": {
      "integrity": "sha512-aAn9H9ovVyeApKy11OWOrrOGq8DV68yWeH4ud2lN9fzn4aO8Zb5GLL9m1pUg9nLqIcT+ZDfAcsZe0E/nqdv2lw=="
    },
    "@supabase/postgrest-js@1.19.4": {
      "integrity": "sha512-O4soKqKtZIW3olqmbXXbKugUtByD2jPa8kL2m2c1oozAO11uCcGrRhkZL0kVxjBLrXHE0mdSkFsMj7jDSfyNpw==",
      "dependencies": [
        "@supabase/node-fetch"
      ]
    },
    "@supabase/postgrest-js@2.117.2": {
      "integrity": "sha512-V1Qhn+M8xzJqCasOxHZ2KG19Fj39PxU7weEAmOK65/KTsWCRXboB4hcQwFvxRvM7ZikeP9IZWNvQkfjvSxzYFw==",
      "dependencies": [
        "tslib"
      ]
    },
    "@supabase/realtime-js@2.11.2": {
      "integrity": "sha512-u/XeuL2Y0QEhXSoIPZZwR6wMXgB+RQbJzG9VErA3VghVt7uRfSVsjeqd7m5GhX3JR6dM/WRmLbVR8URpDWG4+w==",
      "dependencies": [
        "@supabase/node-fetch",
        "@types/phoenix",
        "@types/ws",
        "ws"
      ]
    },
    "@supabase/realtime-js@2.117.2": {
      "integrity": "sha512-lYXSAIg3eAKA58riUED6Vb+TCzF8jtx18uOoiCaVJ7ZMre6FWBpwB1MPeW+B6vykJT/hPdiuqwcSB7ILMS21ew==",
      "dependencies": [
        "@supabase/phoenix",
        "tslib"
      ]
    },
    "@supabase/storage-js@2.117.2": {
      "integrity": "sha512-8gAJoVaxZa/War2kFRfJMxGk4M190Q7lJ70BofwGlRxU/u9pIodd6XyTvmXkxOKXWuIYtkDaYPZrIAUt1T/7FQ==",
      "dependencies": [
        "iceberg-js",
        "tslib"
      ]
    },
    "@supabase/storage-js@2.7.1": {
      "integrity": "sha512-asYHcyDR1fKqrMpytAS1zjyEfvxuOIp1CIXX7ji4lHHcJKqyk+sLl/Vxgm4sN6u8zvuUtae9e4kDxQP2qrwWBA==",
      "dependencies": [
        "@supabase/node-fetch"
      ]
    },
    "@supabase/supabase-js@2.117.2": {
      "integrity": "sha512-eSG2VKnHR+Clp1PmidZ1/weJ8PJwoybjva3L2GgKqFG4YDS1Iqmc61psKGZP5xw6OMT2O7ZorPR42PY6q1BOXg==",
      "dependencies": [
        "@supabase/auth-js@2.117.2",
        "@supabase/functions-js@2.117.2",
        "@supabase/postgrest-js@2.117.2",
        "@supabase/realtime-js@2.117.2",
        "@supabase/storage-js@2.117.2"
      ]
    },
    "@supabase/supabase-js@2.49.8": {
      "integrity": "sha512-zzBQLgS/jZs7btWcIAc7V5yfB+juG7h0AXxKowMJuySsO5vK+F7Vp+HCa07Z+tu9lZtr3sT9fofkc86bdylmtw==",
      "dependencies": [
        "@supabase/auth-js@2.69.1",
        "@supabase/functions-js@2.4.4",
        "@supabase/node-fetch",
        "@supabase/postgrest-js@1.19.4",
        "@supabase/realtime-js@2.11.2",
        "@supabase/storage-js@2.7.1"
      ]
    },
    "@types/node@26.6.3": {
      "integrity": "sha512-dsqMQQoeTLqu9wynDD00q573mNzso3IdQOAfHRJqLCcmCFPoGo9A1bDpUcv/9tnKpErQWv9uKeGfl37EIS02Yg==",
      "dependencies": [
        "undici-types"
      ]
    },
    "@types/phoenix@1.6.7": {
      "integrity": "sha512-oN9ive//QSBkf19rfDv45M7eZPi0eEXylht2OLEXicu5b4KoQ1OzXIw+xDSGWxSxe1JmepRR/ZH283vsu518/Q=="
    },
    "@types/ws@8.18.2": {
      "integrity": "sha512-67MQl+fpWKVTT1NYdnmo3U4sc/xPo/zQBncVnI74qmQa0z/b+1g6iYqNmGCPbxO+zz2aklb08a0oHfegiVd0/w==",
      "dependencies": [
        "@types/node"
      ]
    },
    "iceberg-js@0.8.1": {
      "integrity": "sha512-1dhVQZXhcHje7798IVM+xoo/1ZdVfzOMIc8/rgVSijRK38EDqOJoGula9N/8ZI5RD8QTxNQtK/Gozpr+qUqRRA=="
    },
    "tr46@0.0.3": {
      "integrity": "sha512-N3WMsuqV66lT30CrXNbEjx4GEwlow3v6rr4mCcv6prnfwhS01rkgyFdjPNBYd9br7LpXV1+Emh01fHnq2Gdgrw=="
    },
    "tslib@2.8.1": {
      "integrity": "sha512-oJFu94HQb+KVduSUQL7wnpmqnfmLsOA/nAh6b6EH0wCEoK0/mPeXU6c3wKDV83MkOuHPRHtSXKKU99IBazS/2w=="
    },
    "undici-types@8.9.0": {
      "integrity": "sha512-KTDyRTYX8sWmKXAikPHHSyc63CRPETMctyjKFupcC6OBLXT3xsN0e9aF7m+mIXutFWpUXuedtowG7iLOzp0kQg=="
    },
    "webidl-conversions@3.0.1": {
      "integrity": "sha512-2JAn3z8AR6rjK8Sm8orRC0h/bcl/DqL7tRPdGZ4I1CjdF+EaMLmYxBHyXuKL849eucPFhvBoxMsflfOb8kxaeQ=="
    },
    "whatwg-url@5.0.0": {
      "integrity": "sha512-saE57nupxk6v3HY35+jzBwYa0rKSy0XR8JSxZPwgLr7ys0IBzhGviA1/TUGJLmSVqs8pb9AnvICXEuOHLprYTw==",
      "dependencies": [
        "tr46",
        "webidl-conversions"
      ]
    },
    "ws@8.22.0": {
      "integrity": "sha512-Ydggc987+RO0AnWtZ/7Wq9FtNvcrL1b/RO0ud9mWjUPgDrsAAwQSF51sm2hm1XofbU/4jkpGEsLFsZZxU+1DOg=="
    }
  },
  "workspace": {
    "dependencies": [
      "npm:@supabase/supabase-js@2.117.2"
    ]
  }
}
