// !$*UTF8*$!
{
	archiveVersion = 1;
	classes = {
	};
	objectVersion = 77;
	objects = {

/* Begin PBXBuildFile section */
		4932D5C42E7867CD00769B1D /* StoreKit.framework in Frameworks */ = {isa = PBXBuildFile; fileRef = 4932D5C32E7867CD00769B1D /* StoreKit.framework */; };
		4976E7522E240927000394DC /* Supabase in Frameworks */ = {isa = PBXBuildFile; productRef = 4976E7512E240927000394DC /* Supabase */; };
/* End PBXBuildFile section */

/* Begin PBXContainerItemProxy section */
		4961E7362E0D7A0B0099EE31 /* PBXContainerItemProxy */ = {
			isa = PBXContainerItemProxy;
			containerPortal = 4961E71E2E0D7A090099EE31 /* Project object */;
			proxyType = 1;
			remoteGlobalIDString = 4961E7252E0D7A090099EE31;
			remoteInfo = SnipNote;
		};
		4961E7402E0D7A0B0099EE31 /* PBXContainerItemProxy */ = {
			isa = PBXContainerItemProxy;
			containerPortal = 4961E71E2E0D7A090099EE31 /* Project object */;
			proxyType = 1;
			remoteGlobalIDString = 4961E7252E0D7A090099EE31;
			remoteInfo = SnipNote;
		};
/* End PBXContainerItemProxy section */

/* Begin PBXFileReference section */
		4932D5C32E7867CD00769B1D /* StoreKit.framework */ = {isa = PBXFileReference; lastKnownFileType = wrapper.framework; name = StoreKit.framework; path = System/Library/Frameworks/StoreKit.framework; sourceTree = SDKROOT; };
		4961E7262E0D7A090099EE31 /* SnipNote.app */ = {isa = PBXFileReference; explicitFileType = wrapper.application; includeInIndex = 0; path = SnipNote.app; sourceTree = BUILT_PRODUCTS_DIR; };
		4961E7352E0D7A0B0099EE31 /* SnipNoteTests.xctest */ = {isa = PBXFileReference; explicitFileType = wrapper.cfbundle; includeInIndex = 0; path = SnipNoteTests.xctest; sourceTree = BUILT_PRODUCTS_DIR; };
		4961E73F2E0D7A0B0099EE31 /* SnipNoteUITests.xctest */ = {isa = PBXFileReference; explicitFileType = wrapper.cfbundle; includeInIndex = 0; path = SnipNoteUITests.xctest; sourceTree = BUILT_PRODUCTS_DIR; };
/* End PBXFileReference section */

/* Begin PBXFileSystemSynchronizedBuildFileExceptionSet section */
		4961E7F32E0EDACE0099EE31 /* Exceptions for "SnipNote" folder in "SnipNote" target */ = {
			isa = PBXFileSystemSynchronizedBuildFileExceptionSet;
			membershipExceptions = (
				Info.plist,
			);
			target = 4961E7252E0D7A090099EE31 /* SnipNote */;
		};
/* End PBXFileSystemSynchronizedBuildFileExceptionSet section */

/* Begin PBXFileSystemSynchronizedRootGroup section */
		4961E7282E0D7A090099EE31 /* SnipNote */ = {
			isa = PBXFileSystemSynchronizedRootGroup;
			exceptions = (
				4961E7F32E0EDACE0099EE31 /* Exceptions for "SnipNote" folder in "SnipNote" target */,
			);
			path = SnipNote;
			sourceTree = "<group>";
		};
		4961E7382E0D7A0B0099EE31 /* SnipNoteTests */ = {
			isa = PBXFileSystemSynchronizedRootGroup;
			path = SnipNoteTests;
			sourceTree = "<group>";
		};
		4961E7422E0D7A0B0099EE31 /* SnipNoteUITests */ = {
			isa = PBXFileSystemSynchronizedRootGroup;
			path = SnipNoteUITests;
			sourceTree = "<group>";
		};
/* End PBXFileSystemSynchronizedRootGroup section */

/* Begin PBXFrameworksBuildPhase section */
		4961E7232E0D7A090099EE31 /* Frameworks */ = {
			isa = PBXFrameworksBuildPhase;
			buildActionMask = 2147483647;
			files = (
				4976E7522E240927000394DC /* Supabase in Frameworks */,
				4932D5C42E7867CD00769B1D /* StoreKit.framework in Frameworks */,
			);
			runOnlyForDeploymentPostprocessing = 0;
		};
		4961E7322E0D7A0B0099EE31 /* Frameworks */ = {
			isa = PBXFrameworksBuildPhase;
			buildActionMask = 2147483647;
			files = (
			);
			runOnlyForDeploymentPostprocessing = 0;
		};
		4961E73C2E0D7A0B0099EE31 /* Frameworks */ = {
			isa = PBXFrameworksBuildPhase;
			buildActionMask = 2147483647;
			files = (
			);
			runOnlyForDeploymentPostprocessing = 0;
		};
/* End PBXFrameworksBuildPhase section */

/* Begin PBXGroup section */
		4961E71D2E0D7A090099EE31 = {
			isa = PBXGroup;
			children = (
				4961E7282E0D7A090099EE31 /* SnipNote */,
				4961E7382E0D7A0B0099EE31 /* SnipNoteTests */,
				4961E7422E0D7A0B0099EE31 /* SnipNoteUITests */,
				4976E7502E240927000394DC /* Frameworks */,
				4961E7272E0D7A090099EE31 /* Products */,
			);
			sourceTree = "<group>";
		};
		4961E7272E0D7A090099EE31 /* Products */ = {
			isa = PBXGroup;
			children = (
				4961E7262E0D7A090099EE31 /* SnipNote.app */,
				4961E7352E0D7A0B0099EE31 /* SnipNoteTests.xctest */,
				4961E73F2E0D7A0B0099EE31 /* SnipNoteUITests.xctest */,
			);
			name = Products;
			sourceTree = "<group>";
		};
		4976E7502E240927000394DC /* Frameworks */ = {
			isa = PBXGroup;
			children = (
				4932D5C32E7867CD00769B1D /* StoreKit.framework */,
			);
			name = Frameworks;
			sourceTree = "<group>";
		};
/* End PBXGroup section */

/* Begin PBXNativeTarget section */
		4961E7252E0D7A090099EE31 /* SnipNote */ = {
			isa = PBXNativeTarget;
			buildConfigurationList = 4961E7492E0D7A0B0099EE31 /* Build configuration list for PBXNativeTarget "SnipNote" */;
			buildPhases = (
				4961E7222E0D7A090099EE31 /* Sources */,
				4961E7232E0D7A090099EE31 /* Frameworks */,
				4961E7242E0D7A090099EE31 /* Resources */,
			);
			buildRules = (
			);
			dependencies = (
			);
			fileSystemSynchronizedGroups = (
				4961E7282E0D7A090099EE31 /* SnipNote */,
			);
			name = SnipNote;
			packageProductDependencies = (
				4976E7512E240927000394DC /* Supabase */,
			);
			productName = SnipNote;
			productReference = 4961E7262E0D7A090099EE31 /* SnipNote.app */;
			productType = "com.apple.product-type.application";
		};
		4961E7342E0D7A0B0099EE31 /* SnipNoteTests */ = {
			isa = PBXNativeTarget;
			buildConfigurationList = 4961E74C2E0D7A0B0099EE31 /* Build configuration list for PBXNativeTarget "SnipNoteTests" */;
			buildPhases = (
				4961E7312E0D7A0B0099EE31 /* Sources */,
				4961E7322E0D7A0B0099EE31 /* Frameworks */,
				4961E7332E0D7A0B0099EE31 /* Resources */,
			);
			buildRules = (
			);
			dependencies = (
				4961E7372E0D7A0B0099EE31 /* PBXTargetDependency */,
			);
			fileSystemSynchronizedGroups = (
				4961E7382E0D7A0B0099EE31 /* SnipNoteTests */,
			);
			name = SnipNoteTests;
			packageProductDependencies = (
			);
			productName = SnipNoteTests;
			productReference = 4961E7352E0D7A0B0099EE31 /* SnipNoteTests.xctest */;
			productType = "com.apple.product-type.bundle.unit-test";
		};
		4961E73E2E0D7A0B0099EE31 /* SnipNoteUITests */ = {
			isa = PBXNativeTarget;
			buildConfigurationList = 4961E74F2E0D7A0B0099EE31 /* Build configuration list for PBXNativeTarget "SnipNoteUITests" */;
			buildPhases = (
				4961E73B2E0D7A0B0099EE31 /* Sources */,
				4961E73C2E0D7A0B0099EE31 /* Frameworks */,
				4961E73D2E0D7A0B0099EE31 /* Resources */,
			);
			buildRules = (
			);
			dependencies = (
				4961E7412E0D7A0B0099EE31 /* PBXTargetDependency */,
			);
			fileSystemSynchronizedGroups = (
				4961E7422E0D7A0B0099EE31 /* SnipNoteUITests */,
			);
			name = SnipNoteUITests;
			packageProductDependencies = (
			);
			productName = SnipNoteUITests;
			productReference = 4961E73F2E0D7A0B0099EE31 /* SnipNoteUITests.xctest */;
			productType = "com.apple.product-type.bundle.ui-testing";
		};
/* End PBXNativeTarget section */

/* Begin PBXProject section */
		4961E71E2E0D7A090099EE31 /* Project object */ = {
			isa = PBXProject;
			attributes = {
				BuildIndependentTargetsInParallel = 1;
				LastSwiftUpdateCheck = 1640;
				LastUpgradeCheck = 2600;
				TargetAttributes = {
					4961E7252E0D7A090099EE31 = {
						CreatedOnToolsVersion = 16.4;
					};
					4961E7342E0D7A0B0099EE31 = {
						CreatedOnToolsVersion = 16.4;
						TestTargetID = 4961E7252E0D7A090099EE31;
					};
					4961E73E2E0D7A0B0099EE31 = {
						CreatedOnToolsVersion = 16.4;
						TestTargetID = 4961E7252E0D7A090099EE31;
					};
				};
			};
			buildConfigurationList = 4961E7212E0D7A090099EE31 /* Build configuration list for PBXProject "SnipNote" */;
			developmentRegion = en;
			hasScannedForEncodings = 0;
			knownRegions = (
				en,
				Base,
				it,
			);
			mainGroup = 4961E71D2E0D7A090099EE31;
			minimizedProjectReferenceProxies = 1;
			packageReferences = (
				49EA9B3A2E2407C000DFDFF5 /* XCRemoteSwiftPackageReference "supabase-swift" */,
			);
			preferredProjectObjectVersion = 77;
			productRefGroup = 4961E7272E0D7A090099EE31 /* Products */;
			projectDirPath = "";
			projectRoot = "";
			targets = (
				4961E7252E0D7A090099EE31 /* SnipNote */,
				4961E7342E0D7A0B0099EE31 /* SnipNoteTests */,
				4961E73E2E0D7A0B0099EE31 /* SnipNoteUITests */,
			);
		};
/* End PBXProject section */

/* Begin PBXResourcesBuildPhase section */
		4961E7242E0D7A090099EE31 /* Resources */ = {
			isa = PBXResourcesBuildPhase;
			buildActionMask = 2147483647;
			files = (
			);
			runOnlyForDeploymentPostprocessing = 0;
		};
		4961E7332E0D7A0B0099EE31 /* Resources */ = {
			isa = PBXResourcesBuildPhase;
			buildActionMask = 2147483647;
			files = (
			);
			runOnlyForDeploymentPostprocessing = 0;
		};
		4961E73D2E0D7A0B0099EE31 /* Resources */ = {
			isa = PBXResourcesBuildPhase;
			buildActionMask = 2147483647;
			files = (
			);
			runOnlyForDeploymentPostprocessing = 0;
		};
/* End PBXResourcesBuildPhase section */

/* Begin PBXSourcesBuildPhase section */
		4961E7222E0D7A090099EE31 /* Sources */ = {
			isa = PBXSourcesBuildPhase;
			buildActionMask = 2147483647;
			files = (
			);
			runOnlyForDeploymentPostprocessing = 0;
		};
		4961E7312E0D7A0B0099EE31 /* Sources */ = {
			isa = PBXSourcesBuildPhase;
			buildActionMask = 2147483647;
			files = (
			);
			runOnlyForDeploymentPostprocessing = 0;
		};
		4961E73B2E0D7A0B0099EE31 /* Sources */ = {
			isa = PBXSourcesBuildPhase;
			buildActionMask = 2147483647;
			files = (
			);
			runOnlyForDeploymentPostprocessing = 0;
		};
/* End PBXSourcesBuildPhase section */

/* Begin PBXTargetDependency section */
		4961E7372E0D7A0B0099EE31 /* PBXTargetDependency */ = {
			isa = PBXTargetDependency;
			target = 4961E7252E0D7A090099EE31 /* SnipNote */;
			targetProxy = 4961E7362E0D7A0B0099EE31 /* PBXContainerItemProxy */;
		};
		4961E7412E0D7A0B0099EE31 /* PBXTargetDependency */ = {
			isa = PBXTargetDependency;
			target = 4961E7252E0D7A090099EE31 /* SnipNote */;
			targetProxy = 4961E7402E0D7A0B0099EE31 /* PBXContainerItemProxy */;
		};
/* End PBXTargetDependency section */

/* Begin XCBuildConfiguration section */
		4961E7472E0D7A0B0099EE31 /* Debug */ = {
			isa = XCBuildConfiguration;
			buildSettings = {
				ALWAYS_SEARCH_USER_PATHS = NO;
				ASSETCATALOG_COMPILER_GENERATE_SWIFT_ASSET_SYMBOL_EXTENSIONS = YES;
				CLANG_ANALYZER_NONNULL = YES;
				CLANG_ANALYZER_NUMBER_OBJECT_CONVERSION = YES_AGGRESSIVE;
				CLANG_CXX_LANGUAGE_STANDARD = "gnu++20";
				CLANG_ENABLE_MODULES = YES;
				CLANG_ENABLE_OBJC_ARC = YES;
				CLANG_ENABLE_OBJC_WEAK = YES;
				CLANG_WARN_BLOCK_CAPTURE_AUTORELEASING = YES;
				CLANG_WARN_BOOL_CONVERSION = YES;
				CLANG_WARN_COMMA = YES;
				CLANG_WARN_CONSTANT_CONVERSION = YES;
				CLANG_WARN_DEPRECATED_OBJC_IMPLEMENTATIONS = YES;
				CLANG_WARN_DIRECT_OBJC_ISA_USAGE = YES_ERROR;
				CLANG_WARN_DOCUMENTATION_COMMENTS = YES;
				CLANG_WARN_EMPTY_BODY = YES;
				CLANG_WARN_ENUM_CONVERSION = YES;
				CLANG_WARN_INFINITE_RECURSION = YES;
				CLANG_WARN_INT_CONVERSION = YES;
				CLANG_WARN_NON_LITERAL_NULL_CONVERSION = YES;
				CLANG_WARN_OBJC_IMPLICIT_RETAIN_SELF = YES;
				CLANG_WARN_OBJC_LITERAL_CONVERSION = YES;
				CLANG_WARN_OBJC_ROOT_CLASS = YES_ERROR;
				CLANG_WARN_QUOTED_INCLUDE_IN_FRAMEWORK_HEADER = YES;
				CLANG_WARN_RANGE_LOOP_ANALYSIS = YES;
				CLANG_WARN_STRICT_PROTOTYPES = YES;
				CLANG_WARN_SUSPICIOUS_MOVE = YES;
				CLANG_WARN_UNGUARDED_AVAILABILITY = YES_AGGRESSIVE;
				CLANG_WARN_UNREACHABLE_CODE = YES;
				CLANG_WARN__DUPLICATE_METHOD_MATCH = YES;
				COPY_PHASE_STRIP = NO;
				DEBUG_INFORMATION_FORMAT = dwarf;
				DEVELOPMENT_TEAM = 5K8R3X2322;
				ENABLE_STRICT_OBJC_MSGSEND = YES;
				ENABLE_TESTABILITY = YES;
				ENABLE_USER_SCRIPT_SANDBOXING = YES;
				GCC_C_LANGUAGE_STANDARD = gnu17;
				GCC_DYNAMIC_NO_PIC = NO;
				GCC_NO_COMMON_BLOCKS = YES;
				GCC_OPTIMIZATION_LEVEL = 0;
				GCC_PREPROCESSOR_DEFINITIONS = (
					"DEBUG=1",
					"$(inherited)",
				);
				GCC_WARN_64_TO_32_BIT_CONVERSION = YES;
				GCC_WARN_ABOUT_RETURN_TYPE = YES_ERROR;
				GCC_WARN_UNDECLARED_SELECTOR = YES;
				GCC_WARN_UNINITIALIZED_AUTOS = YES_AGGRESSIVE;
				GCC_WARN_UNUSED_FUNCTION = YES;
				GCC_WARN_UNUSED_VARIABLE = YES;
				IPHONEOS_DEPLOYMENT_TARGET = 18.5;
				LOCALIZATION_PREFERS_STRING_CATALOGS = YES;
				MTL_ENABLE_DEBUG_INFO = INCLUDE_SOURCE;
				MTL_FAST_MATH = YES;
				ONLY_ACTIVE_ARCH = YES;
				SDKROOT = iphoneos;
				STRING_CATALOG_GENERATE_SYMBOLS = YES;
				SWIFT_ACTIVE_COMPILATION_CONDITIONS = "DEBUG $(inherited)";
				SWIFT_EMIT_LOC_STRINGS = YES;
				SWIFT_OPTIMIZATION_LEVEL = "-Onone";
			};
			name = Debug;
		};
		4961E7482E0D7A0B0099EE31 /* Release */ = {
			isa = XCBuildConfiguration;
			buildSettings = {
				ALWAYS_SEARCH_USER_PATHS = NO;
				ASSETCATALOG_COMPILER_GENERATE_SWIFT_ASSET_SYMBOL_EXTENSIONS = YES;
				CLANG_ANALYZER_NONNULL = YES;
				CLANG_ANALYZER_NUMBER_OBJECT_CONVERSION = YES_AGGRESSIVE;
				CLANG_CXX_LANGUAGE_STANDARD = "gnu++20";
				CLANG_ENABLE_MODULES = YES;
				CLANG_ENABLE_OBJC_ARC = YES;
				CLANG_ENABLE_OBJC_WEAK = YES;
				CLANG_WARN_BLOCK_CAPTURE_AUTORELEASING = YES;
				CLANG_WARN_BOOL_CONVERSION = YES;
				CLANG_WARN_COMMA = YES;
				CLANG_WARN_CONSTANT_CONVERSION = YES;
				CLANG_WARN_DEPRECATED_OBJC_IMPLEMENTATIONS = YES;
				CLANG_WARN_DIRECT_OBJC_ISA_USAGE = YES_ERROR;
				CLANG_WARN_DOCUMENTATION_COMMENTS = YES;
				CLANG_WARN_EMPTY_BODY = YES;
				CLANG_WARN_ENUM_CONVERSION = YES;
				CLANG_WARN_INFINITE_RECURSION = YES;
				CLANG_WARN_INT_CONVERSION = YES;
				CLANG_WARN_NON_LITERAL_NULL_CONVERSION = YES;
				CLANG_WARN_OBJC_IMPLICIT_RETAIN_SELF = YES;
				CLANG_WARN_OBJC_LITERAL_CONVERSION = YES;
				CLANG_WARN_OBJC_ROOT_CLASS = YES_ERROR;
				CLANG_WARN_QUOTED_INCLUDE_IN_FRAMEWORK_HEADER = YES;
				CLANG_WARN_RANGE_LOOP_ANALYSIS = YES;
				CLANG_WARN_STRICT_PROTOTYPES = YES;
				CLANG_WARN_SUSPICIOUS_MOVE = YES;
				CLANG_WARN_UNGUARDED_AVAILABILITY = YES_AGGRESSIVE;
				CLANG_WARN_UNREACHABLE_CODE = YES;
				CLANG_WARN__DUPLICATE_METHOD_MATCH = YES;
				COPY_PHASE_STRIP = NO;
				DEBUG_INFORMATION_FORMAT = "dwarf-with-dsym";
				DEVELOPMENT_TEAM = 5K8R3X2322;
				ENABLE_NS_ASSERTIONS = NO;
				ENABLE_STRICT_OBJC_MSGSEND = YES;
				ENABLE_USER_SCRIPT_SANDBOXING = YES;
				GCC_C_LANGUAGE_STANDARD = gnu17;
				GCC_NO_COMMON_BLOCKS = YES;
				GCC_WARN_64_TO_32_BIT_CONVERSION = YES;
				GCC_WARN_ABOUT_RETURN_TYPE = YES_ERROR;
				GCC_WARN_UNDECLARED_SELECTOR = YES;
				GCC_WARN_UNINITIALIZED_AUTOS = YES_AGGRESSIVE;
				GCC_WARN_UNUSED_FUNCTION = YES;
				GCC_WARN_UNUSED_VARIABLE = YES;
				IPHONEOS_DEPLOYMENT_TARGET = 18.5;
				LOCALIZATION_PREFERS_STRING_CATALOGS = YES;
				MTL_ENABLE_DEBUG_INFO = NO;
				MTL_FAST_MATH = YES;
				SDKROOT = iphoneos;
				STRING_CATALOG_GENERATE_SYMBOLS = YES;
				SWIFT_COMPILATION_MODE = wholemodule;
				SWIFT_EMIT_LOC_STRINGS = YES;
				VALIDATE_PRODUCT = YES;
			};
			name = Release;
		};
		4961E74A2E0D7A0B0099EE31 /* Debug */ = {
			isa = XCBuildConfiguration;
			buildSettings = {
				ASSETCATALOG_COMPILER_APPICON_NAME = AppIcon;
				ASSETCATALOG_COMPILER_GLOBAL_ACCENT_COLOR_NAME = AccentColor;
				CODE_SIGN_IDENTITY = "Apple Development";
				CODE_SIGN_STYLE = Automatic;
				CURRENT_PROJECT_VERSION = 2;
				DEVELOPMENT_TEAM = 5K8R3X2322;
				ENABLE_PREVIEWS = YES;
				GENERATE_INFOPLIST_FILE = YES;
				INFOPLIST_FILE = SnipNote/Info.plist;
				INFOPLIST_KEY_CFBundleDisplayName = SnipNote;
				INFOPLIST_KEY_LSApplicationCategoryType = "public.app-category.productivity";
				INFOPLIST_KEY_LSSupportsOpeningDocumentsInPlace = NO;
				INFOPLIST_KEY_NSMicrophoneUsageDescription = "This app needs microphone access to record voice notes for transcription and AI summarization.";
				INFOPLIST_KEY_UIApplicationSceneManifest_Generation = YES;
				INFOPLIST_KEY_UIApplicationSupportsIndirectInputEvents = YES;
				INFOPLIST_KEY_UILaunchScreen_Generation = YES;
				INFOPLIST_KEY_UISupportedInterfaceOrientations_iPad = "UIInterfaceOrientationPortrait UIInterfaceOrientationPortraitUpsideDown UIInterfaceOrientationLandscapeLeft UIInterfaceOrientationLandscapeRight";
				INFOPLIST_KEY_UISupportedInterfaceOrientations_iPhone = "UIInterfaceOrientationPortrait UIInterfaceOrientationLandscapeLeft UIInterfaceOrientationLandscapeRight";
				LD_RUNPATH_SEARCH_PATHS = (
					"$(inherited)",
					"@executable_path/Frameworks",
				);
				MARKETING_VERSION = 1.5;
				PRODUCT_BUNDLE_IDENTIFIER = com.mattianalytics.snipnote;
				PRODUCT_NAME = "$(TARGET_NAME)";
				PROVISIONING_PROFILE_SPECIFIER = "";
				SWIFT_EMIT_LOC_STRINGS = YES;
				SWIFT_VERSION = 5.0;
				TARGETED_DEVICE_FAMILY = "1,2";
			};
			name = Debug;
		};
		4961E74B2E0D7A0B0099EE31 /* Release */ = {
			isa = XCBuildConfiguration;
			buildSettings = {
				ASSETCATALOG_COMPILER_APPICON_NAME = AppIcon;
				ASSETCATALOG_COMPILER_GLOBAL_ACCENT_COLOR_NAME = AccentColor;
				CODE_SIGN_IDENTITY = "Apple Development";
				CODE_SIGN_STYLE = Automatic;
				CURRENT_PROJECT_VERSION = 2;
				DEVELOPMENT_TEAM = 5K8R3X2322;
				ENABLE_PREVIEWS = YES;
				GENERATE_INFOPLIST_FILE = YES;
				INFOPLIST_FILE = SnipNote/Info.plist;
				INFOPLIST_KEY_CFBundleDisplayName = SnipNote;
				INFOPLIST_KEY_LSApplicationCategoryType = "public.app-category.productivity";
				INFOPLIST_KEY_LSSupportsOpeningDocumentsInPlace = NO;
				INFOPLIST_KEY_NSMicrophoneUsageDescription = "This app needs microphone access to record voice notes for transcription and AI summarization.";
				INFOPLIST_KEY_UIApplicationSceneManifest_Generation = YES;
				INFOPLIST_KEY_UIApplicationSupportsIndirectInputEvents = YES;
				INFOPLIST_KEY_UILaunchScreen_Generation = YES;
				INFOPLIST_KEY_UISupportedInterfaceOrientations_iPad = "UIInterfaceOrientationPortrait UIInterfaceOrientationPortraitUpsideDown UIInterfaceOrientationLandscapeLeft UIInterfaceOrientationLandscapeRight";
				INFOPLIST_KEY_UISupportedInterfaceOrientations_iPhone = "UIInterfaceOrientationPortrait UIInterfaceOrientationLandscapeLeft UIInterfaceOrientationLandscapeRight";
				LD_RUNPATH_SEARCH_PATHS = (
					"$(inherited)",
					"@executable_path/Frameworks",
				);
				MARKETING_VERSION = 1.5;
				PRODUCT_BUNDLE_IDENTIFIER = com.mattianalytics.snipnote;
				PRODUCT_NAME = "$(TARGET_NAME)";
				PROVISIONING_PROFILE_SPECIFIER = "";
				SWIFT_EMIT_LOC_STRINGS = YES;
				SWIFT_VERSION = 5.0;
				TARGETED_DEVICE_FAMILY = "1,2";
			};
			name = Release;
		};
		4961E74D2E0D7A0B0099EE31 /* Debug */ = {
			isa = XCBuildConfiguration;
			buildSettings = {
				BUNDLE_LOADER = "$(TEST_HOST)";
				CODE_SIGN_STYLE = Automatic;
				CURRENT_PROJECT_VERSION = 1;
				DEVELOPMENT_TEAM = 5K8R3X2322;
				GENERATE_INFOPLIST_FILE = YES;
				IPHONEOS_DEPLOYMENT_TARGET = 18.5;
				MARKETING_VERSION = 1.0;
				PRODUCT_BUNDLE_IDENTIFIER = com.mattianalytics.SnipNoteTests;
				PRODUCT_NAME = "$(TARGET_NAME)";
				SWIFT_EMIT_LOC_STRINGS = NO;
				SWIFT_VERSION = 5.0;
				TARGETED_DEVICE_FAMILY = "1,2";
				TEST_HOST = "$(BUILT_PRODUCTS_DIR)/SnipNote.app/$(BUNDLE_EXECUTABLE_FOLDER_PATH)/SnipNote";
			};
			name = Debug;
		};
		4961E74E2E0D7A0B0099EE31 /* Release */ = {
			isa = XCBuildConfiguration;
			buildSettings = {
				BUNDLE_LOADER = "$(TEST_HOST)";
				CODE_SIGN_STYLE = Automatic;
				CURRENT_PROJECT_VERSION = 1;
				DEVELOPMENT_TEAM = 5K8R3X2322;
				GENERATE_INFOPLIST_FILE = YES;
				IPHONEOS_DEPLOYMENT_TARGET = 18.5;
				MARKETING_VERSION = 1.0;
				PRODUCT_BUNDLE_IDENTIFIER = com.mattianalytics.SnipNoteTests;
				PRODUCT_NAME = "$(TARGET_NAME)";
				SWIFT_EMIT_LOC_STRINGS = NO;
				SWIFT_VERSION = 5.0;
				TARGETED_DEVICE_FAMILY = "1,2";
				TEST_HOST = "$(BUILT_PRODUCTS_DIR)/SnipNote.app/$(BUNDLE_EXECUTABLE_FOLDER_PATH)/SnipNote";
			};
			name = Release;
		};
		4961E7502E0D7A0B0099EE31 /* Debug */ = {
			isa = XCBuildConfiguration;
			buildSettings = {
				CODE_SIGN_STYLE = Automatic;
				CURRENT_PROJECT_VERSION = 1;
				DEVELOPMENT_TEAM = 5K8R3X2322;
				GENERATE_INFOPLIST_FILE = YES;
				MARKETING_VERSION = 1.0;
				PRODUCT_BUNDLE_IDENTIFIER = com.mattianalytics.SnipNoteUITests;
				PRODUCT_NAME = "$(TARGET_NAME)";
				SWIFT_EMIT_LOC_STRINGS = NO;
				SWIFT_VERSION = 5.0;
				TARGETED_DEVICE_FAMILY = "1,2";
				TEST_TARGET_NAME = SnipNote;
			};
			name = Debug;
		};
		4961E7512E0D7A0B0099EE31 /* Release */ = {
			isa = XCBuildConfiguration;
			buildSettings = {
				CODE_SIGN_STYLE = Automatic;
				CURRENT_PROJECT_VERSION = 1;
				DEVELOPMENT_TEAM = 5K8R3X2322;
				GENERATE_INFOPLIST_FILE = YES;
				MARKETING_VERSION = 1.0;
				PRODUCT_BUNDLE_IDENTIFIER = com.mattianalytics.SnipNoteUITests;
				PRODUCT_NAME = "$(TARGET_NAME)";
				SWIFT_EMIT_LOC_STRINGS = NO;
				SWIFT_VERSION = 5.0;
				TARGETED_DEVICE_FAMILY = "1,2";
				TEST_TARGET_NAME = SnipNote;
			};
			name = Release;
		};
/* End XCBuildConfiguration section */

/* Begin XCConfigurationList section */
		4961E7212E0D7A090099EE31 /* Build configuration list for PBXProject "SnipNote" */ = {
			isa = XCConfigurationList;
			buildConfigurations = (
				4961E7472E0D7A0B0099EE31 /* Debug */,
				4961E7482E0D7A0B0099EE31 /* Release */,
			);
			defaultConfigurationIsVisible = 0;
			defaultConfigurationName = Release;
		};
		4961E7492E0D7A0B0099EE31 /* Build configuration list for PBXNativeTarget "SnipNote" */ = {
			isa = XCConfigurationList;
			buildConfigurations = (
				4961E74A2E0D7A0B0099EE31 /* Debug */,
				4961E74B2E0D7A0B0099EE31 /* Release */,
			);
			defaultConfigurationIsVisible = 0;
			defaultConfigurationName = Release;
		};
		4961E74C2E0D7A0B0099EE31 /* Build configuration list for PBXNativeTarget "SnipNoteTests" */ = {
			isa = XCConfigurationList;
			buildConfigurations = (
				4961E74D2E0D7A0B0099EE31 /* Debug */,
				4961E74E2E0D7A0B0099EE31 /* Release */,
			);
			defaultConfigurationIsVisible = 0;
			defaultConfigurationName = Release;
		};
		4961E74F2E0D7A0B0099EE31 /* Build configuration list for PBXNativeTarget "SnipNoteUITests" */ = {
			isa = XCConfigurationList;
			buildConfigurations = (
				4961E7502E0D7A0B0099EE31 /* Debug */,
				4961E7512E0D7A0B0099EE31 /* Release */,
			);
			defaultConfigurationIsVisible = 0;
			defaultConfigurationName = Release;
		};
/* End XCConfigurationList section */

/* Begin XCRemoteSwiftPackageReference section */
		49EA9B3A2E2407C000DFDFF5 /* XCRemoteSwiftPackageReference "supabase-swift" */ = {
			isa = XCRemoteSwiftPackageReference;
			repositoryURL = "https://github.com/supabase/supabase-swift.git";
			requirement = {
				kind = upToNextMajorVersion;
				minimumVersion = 2.5.1;
			};
		};
/* End XCRemoteSwiftPackageReference section */

/* Begin XCSwiftPackageProductDependency section */
		4976E7512E240927000394DC /* Supabase */ = {
			isa = XCSwiftPackageProductDependency;
			package = 49EA9B3A2E2407C000DFDFF5 /* XCRemoteSwiftPackageReference "supabase-swift" */;
			productName = Supabase;
		};
/* End XCSwiftPackageProductDependency section */
	};
	rootObject = 4961E71E2E0D7A090099EE31 /* Project object */;
}
